
Microsoft Visual Studio Solution File, Format Version 12.00
# Visual Studio Version 16
VisualStudioVersion = 16.0.30413.136
MinimumVisualStudioVersion = 10.0.40219.1
Project("{FAE04EC0-301F-11D3-BF4B-00C04F79EFBC}") = "ac16", "ac16\ac16.csproj", "{81B2CEB2-D65D-438E-94EA-A686FE1AAB61}"
EndProject
Project("{FAE04EC0-301F-11D3-BF4B-00C04F79EFBC}") = "ac21", "ac21\ac21.csproj", "{F8213B89-6E7A-4045-B5C1-E79CB89EAC72}"
EndProject
Project("{FAE04EC0-301F-11D3-BF4B-00C04F79EFBC}") = "ac15", "ac15\ac15.csproj", "{5923FAC7-C36D-45EB-86BC-EFF65946E9B2}"
EndProject
Project("{FAE04EC0-301F-11D3-BF4B-00C04F79EFBC}") = "ac17", "ac17\ac17.csproj", "{57C831C1-82FC-4D2C-95F9-9CF30C7EDCBD}"
EndProject
Project("{FAE04EC0-301F-11D3-BF4B-00C04F79EFBC}") = "ac18", "ac18\ac18.csproj", "{56B34BAF-E30A-4C66-8ED5-808BA7AD6256}"
EndProject
Project("{FAE04EC0-301F-11D3-BF4B-00C04F79EFBC}") = "ac19", "ac19\ac19.csproj", "{DC0289B5-6DFA-4585-858F-F20F7E2C1D48}"
EndProject
Project("{FAE04EC0-301F-11D3-BF4B-00C04F79EFBC}") = "ac20", "ac20\ac20.csproj", "{453EC427-3C05-4B5F-8CF6-FC3401EC686A}"
EndProject
Global
	GlobalSection(SolutionConfigurationPlatforms) = preSolution
		Debug|ac20ac21x64 = Debug|ac20ac21x64
		Debug|Any CPU = Debug|Any CPU
		Release|ac20ac21x64 = Release|ac20ac21x64
		Release|Any CPU = Release|Any CPU
	EndGlobalSection
	GlobalSection(ProjectConfigurationPlatforms) = postSolution
		{81B2CEB2-D65D-438E-94EA-A686FE1AAB61}.Debug|ac20ac21x64.ActiveCfg = Debug|Any CPU
		{81B2CEB2-D65D-438E-94EA-A686FE1AAB61}.Debug|ac20ac21x64.Build.0 = Debug|Any CPU
		{81B2CEB2-D65D-438E-94EA-A686FE1AAB61}.Debug|Any CPU.ActiveCfg = Debug|Any CPU
		{81B2CEB2-D65D-438E-94EA-A686FE1AAB61}.Debug|Any CPU.Build.0 = Debug|Any CPU
		{81B2CEB2-D65D-438E-94EA-A686FE1AAB61}.Release|ac20ac21x64.ActiveCfg = Release|Any CPU
		{81B2CEB2-D65D-438E-94EA-A686FE1AAB61}.Release|ac20ac21x64.Build.0 = Release|Any CPU
		{81B2CEB2-D65D-438E-94EA-A686FE1AAB61}.Release|Any CPU.ActiveCfg = Release|Any CPU
		{81B2CEB2-D65D-438E-94EA-A686FE1AAB61}.Release|Any CPU.Build.0 = Release|Any CPU
		{F8213B89-6E7A-4045-B5C1-E79CB89EAC72}.Debug|ac20ac21x64.ActiveCfg = Debug|x64
		{F8213B89-6E7A-4045-B5C1-E79CB89EAC72}.Debug|ac20ac21x64.Build.0 = Debug|x64
		{F8213B89-6E7A-4045-B5C1-E79CB89EAC72}.Debug|Any CPU.ActiveCfg = Debug|Any CPU
		{F8213B89-6E7A-4045-B5C1-E79CB89EAC72}.Debug|Any CPU.Build.0 = Debug|Any CPU
		{F8213B89-6E7A-4045-B5C1-E79CB89EAC72}.Release|ac20ac21x64.ActiveCfg = Release|x64
		{F8213B89-6E7A-4045-B5C1-E79CB89EAC72}.Release|ac20ac21x64.Build.0 = Release|x64
		{F8213B89-6E7A-4045-B5C1-E79CB89EAC72}.Release|Any CPU.ActiveCfg = Release|Any CPU
		{F8213B89-6E7A-4045-B5C1-E79CB89EAC72}.Release|Any CPU.Build.0 = Release|Any CPU
		{5923FAC7-C36D-45EB-86BC-EFF65946E9B2}.Debug|ac20ac21x64.ActiveCfg = Debug|Any CPU
		{5923FAC7-C36D-45EB-86BC-EFF65946E9B2}.Debug|ac20ac21x64.Build.0 = Debug|Any CPU
		{5923FAC7-C36D-45EB-86BC-EFF65946E9B2}.Debug|Any CPU.ActiveCfg = Debug|Any CPU
		{5923FAC7-C36D-45EB-86BC-EFF65946E9B2}.Debug|Any CPU.Build.0 = Debug|Any CPU
		{5923FAC7-C36D-45EB-86BC-EFF65946E9B2}.Release|ac20ac21x64.ActiveCfg = Release|Any CPU
		{5923FAC7-C36D-45EB-86BC-EFF65946E9B2}.Release|ac20ac21x64.Build.0 = Release|Any CPU
		{5923FAC7-C36D-45EB-86BC-EFF65946E9B2}.Release|Any CPU.ActiveCfg = Release|Any CPU
		{5923FAC7-C36D-45EB-86BC-EFF65946E9B2}.Release|Any CPU.Build.0 = Release|Any CPU
		{57C831C1-82FC-4D2C-95F9-9CF30C7EDCBD}.Debug|ac20ac21x64.ActiveCfg = Debug|Any CPU
		{57C831C1-82FC-4D2C-95F9-9CF30C7EDCBD}.Debug|ac20ac21x64.Build.0 = Debug|Any CPU
		{57C831C1-82FC-4D2C-95F9-9CF30C7EDCBD}.Debug|Any CPU.ActiveCfg = Debug|Any CPU
		{57C831C1-82FC-4D2C-95F9-9CF30C7EDCBD}.Debug|Any CPU.Build.0 = Debug|Any CPU
		{57C831C1-82FC-4D2C-95F9-9CF30C7EDCBD}.Release|ac20ac21x64.ActiveCfg = Release|Any CPU
		{57C831C1-82FC-4D2C-95F9-9CF30C7EDCBD}.Release|ac20ac21x64.Build.0 = Release|Any CPU
		{57C831C1-82FC-4D2C-95F9-9CF30C7EDCBD}.Release|Any CPU.ActiveCfg = Release|Any CPU
		{57C831C1-82FC-4D2C-95F9-9CF30C7EDCBD}.Release|Any CPU.Build.0 = Release|Any CPU
		{56B34BAF-E30A-4C66-8ED5-808BA7AD6256}.Debug|ac20ac21x64.ActiveCfg = Debug|Any CPU
		{56B34BAF-E30A-4C66-8ED5-808BA7AD6256}.Debug|ac20ac21x64.Build.0 = Debug|Any CPU
		{56B34BAF-E30A-4C66-8ED5-808BA7AD6256}.Debug|Any CPU.ActiveCfg = Debug|Any CPU
		{56B34BAF-E30A-4C66-8ED5-808BA7AD6256}.Debug|Any CPU.Build.0 = Debug|Any CPU
		{56B34BAF-E30A-4C66-8ED5-808BA7AD6256}.Release|ac20ac21x64.ActiveCfg = Release|Any CPU
		{56B34BAF-E30A-4C66-8ED5-808BA7AD6256}.Release|ac20ac21x64.Build.0 = Release|Any CPU
		{56B34BAF-E30A-4C66-8ED5-808BA7AD6256}.Release|Any CPU.ActiveCfg = Release|Any CPU
		{56B34BAF-E30A-4C66-8ED5-808BA7AD6256}.Release|Any CPU.Build.0 = Release|Any CPU
		{DC0289B5-6DFA-4585-858F-F20F7E2C1D48}.Debug|ac20ac21x64.ActiveCfg = Debug|Any CPU
		{DC0289B5-6DFA-4585-858F-F20F7E2C1D48}.Debug|ac20ac21x64.Build.0 = Debug|Any CPU
		{DC0289B5-6DFA-4585-858F-F20F7E2C1D48}.Debug|Any CPU.ActiveCfg = Debug|Any CPU
		{DC0289B5-6DFA-4585-858F-F20F7E2C1D48}.Debug|Any CPU.Build.0 = Debug|Any CPU
		{DC0289B5-6DFA-4585-858F-F20F7E2C1D48}.Release|ac20ac21x64.ActiveCfg = Release|Any CPU
		{DC0289B5-6DFA-4585-858F-F20F7E2C1D48}.Release|ac20ac21x64.Build.0 = Release|Any CPU
		{DC0289B5-6DFA-4585-858F-F20F7E2C1D48}.Release|Any CPU.ActiveCfg = Release|Any CPU
		{DC0289B5-6DFA-4585-858F-F20F7E2C1D48}.Release|Any CPU.Build.0 = Release|Any CPU
		{453EC427-3C05-4B5F-8CF6-FC3401EC686A}.Debug|ac20ac21x64.ActiveCfg = Debug|Any CPU
		{453EC427-3C05-4B5F-8CF6-FC3401EC686A}.Debug|ac20ac21x64.Build.0 = Debug|Any CPU
		{453EC427-3C05-4B5F-8CF6-FC3401EC686A}.Debug|Any CPU.ActiveCfg = Debug|Any CPU
		{453EC427-3C05-4B5F-8CF6-FC3401EC686A}.Debug|Any CPU.Build.0 = Debug|Any CPU
		{453EC427-3C05-4B5F-8CF6-FC3401EC686A}.Release|ac20ac21x64.ActiveCfg = Release|x64
		{453EC427-3C05-4B5F-8CF6-FC3401EC686A}.Release|ac20ac21x64.Build.0 = Release|x64
		{453EC427-3C05-4B5F-8CF6-FC3401EC686A}.Release|Any CPU.ActiveCfg = Release|Any CPU
		{453EC427-3C05-4B5F-8CF6-FC3401EC686A}.Release|Any CPU.Build.0 = Release|Any CPU
	EndGlobalSection
	GlobalSection(SolutionProperties) = preSolution
		HideSolutionNode = FALSE
	EndGlobalSection
	GlobalSection(ExtensibilityGlobals) = postSolution
		SolutionGuid = {3B0F139E-DEE8-493E-8E76-A84836FECDEF}
	EndGlobalSection
EndGlobal
