
Microsoft Visual Studio Solution File, Format Version 12.00
# Visual Studio Version 16
VisualStudioVersion = 16.0.30413.136
MinimumVisualStudioVersion = 10.0.40219.1
Project("{FAE04EC0-301F-11D3-BF4B-00C04F79EFBC}") = "ac16", "ac16\ac16.csproj", "{81B2CEB2-D65D-438E-94EA-A686FE1AAB61}"
EndProject
Project("{FAE04EC0-301F-11D3-BF4B-00C04F79EFBC}") = "ac21", "ac21\ac21.csproj", "{F8213B89-6E7A-4045-B5C1-E79CB89EAC72}"
EndProject
Project("{FAE04EC0-301F-11D3-BF4B-00C04F79EFBC}") = "ac15", "ac15\ac15.csproj", "{5923FAC7-C36D-45EB-86BC-EFF65946E9B2}"
EndProject
Project("{2150E333-8FDC-42A3-9474-1A3956D46DE8}") = "Solution Items", "Solution Items", "{BF374BCD-77E0-4499-8BF7-A95B7D75C25E}"
	ProjectSection(SolutionItems) = preProject
		.editorconfig = .editorconfig
	EndProjectSection
EndProject
Global
	GlobalSection(SolutionConfigurationPlatforms) = preSolution
		Debug|Any CPU = Debug|Any CPU
		Release|Any CPU = Release|Any CPU
	EndGlobalSection
	GlobalSection(ProjectConfigurationPlatforms) = postSolution
		{81B2CEB2-D65D-438E-94EA-A686FE1AAB61}.Debug|Any CPU.ActiveCfg = Debug|Any CPU
		{81B2CEB2-D65D-438E-94EA-A686FE1AAB61}.Debug|Any CPU.Build.0 = Debug|Any CPU
		{81B2CEB2-D65D-438E-94EA-A686FE1AAB61}.Release|Any CPU.ActiveCfg = Release|Any CPU
		{81B2CEB2-D65D-438E-94EA-A686FE1AAB61}.Release|Any CPU.Build.0 = Release|Any CPU
		{F8213B89-6E7A-4045-B5C1-E79CB89EAC72}.Debug|Any CPU.ActiveCfg = Debug|Any CPU
		{F8213B89-6E7A-4045-B5C1-E79CB89EAC72}.Debug|Any CPU.Build.0 = Debug|Any CPU
		{F8213B89-6E7A-4045-B5C1-E79CB89EAC72}.Release|Any CPU.ActiveCfg = Release|Any CPU
		{F8213B89-6E7A-4045-B5C1-E79CB89EAC72}.Release|Any CPU.Build.0 = Release|Any CPU
		{5923FAC7-C36D-45EB-86BC-EFF65946E9B2}.Debug|Any CPU.ActiveCfg = Debug|Any CPU
		{5923FAC7-C36D-45EB-86BC-EFF65946E9B2}.Debug|Any CPU.Build.0 = Debug|Any CPU
		{5923FAC7-C36D-45EB-86BC-EFF65946E9B2}.Release|Any CPU.ActiveCfg = Release|Any CPU
		{5923FAC7-C36D-45EB-86BC-EFF65946E9B2}.Release|Any CPU.Build.0 = Release|Any CPU
	EndGlobalSection
	GlobalSection(SolutionProperties) = preSolution
		HideSolutionNode = FALSE
	EndGlobalSection
	GlobalSection(ExtensibilityGlobals) = postSolution
		SolutionGuid = {3B0F139E-DEE8-493E-8E76-A84836FECDEF}
	EndGlobalSection
EndGlobal
